
Microsoft Visual Studio Solution File, Format Version 12.00
# Visual Studio Version 16
VisualStudioVersion = 16.0.31829.152
MinimumVisualStudioVersion = 10.0.40219.1
Project("{FAE04EC0-301F-11D3-BF4B-00C04F79EFBC}") = "Lab_9", "Lab_9\Lab_9.csproj", "{612303B8-62D9-44F7-AF3E-1C960B4DBB74}"
EndProject
Global
	GlobalSection(SolutionConfigurationPlatforms) = preSolution
		Debug|Any CPU = Debug|Any CPU
		Release|Any CPU = Release|Any CPU
	EndGlobalSection
	GlobalSection(ProjectConfigurationPlatforms) = postSolution
		{612303B8-62D9-44F7-AF3E-1C960B4DBB74}.Debug|Any CPU.ActiveCfg = Debug|Any CPU
		{612303B8-62D9-44F7-AF3E-1C960B4DBB74}.Debug|Any CPU.Build.0 = Debug|Any CPU
		{612303B8-62D9-44F7-AF3E-1C960B4DBB74}.Release|Any CPU.ActiveCfg = Release|Any CPU
		{612303B8-62D9-44F7-AF3E-1C960B4DBB74}.Release|Any CPU.Build.0 = Release|Any CPU
	EndGlobalSection
	GlobalSection(SolutionProperties) = preSolution
		HideSolutionNode = FALSE
	EndGlobalSection
	GlobalSection(ExtensibilityGlobals) = postSolution
		SolutionGuid = {645FB219-FEA0-4A2E-9790-EEE80DDFD4D3}
	EndGlobalSection
EndGlobal
